
Microsoft Visual Studio Solution File, Format Version 12.00
# Visual Studio Version 17
VisualStudioVersion = 17.4.33122.133
MinimumVisualStudioVersion = 10.0.40219.1
Project("{8BC9CEB8-8B4A-11D0-8D11-00A0C91BC942}") = "ProblemMultiWaris_040", "ProblemMultiWaris_040\ProblemMultiWaris_040.vcxproj", "{92CA682B-8E90-4785-BACB-5F5C56EC8D8B}"
EndProject
Project("{8BC9CEB8-8B4A-11D0-8D11-00A0C91BC942}") = "SolvedMultiWaris_040", "SolvedMultiWaris_040\SolvedMultiWaris_040\SolvedMultiWaris_040.vcxproj", "{DE0A5FFD-6C25-4BFE-88D6-40A0B069EEBC}"
EndProject
Project("{8BC9CEB8-8B4A-11D0-8D11-00A0C91BC942}") = "Polimorph", "Polimorph\Polimorph\Polimorph.vcxproj", "{C4760C11-B908-42A2-9D32-98B90B58BEFA}"
EndProject
Project("{8BC9CEB8-8B4A-11D0-8D11-00A0C91BC942}") = "NoOverriding", "NoOverriding\NoOverriding\NoOverriding.vcxproj", "{13E716BB-6E03-4FF9-992B-F3F121494600}"
EndProject
Global
	GlobalSection(SolutionConfigurationPlatforms) = preSolution
		Debug|x64 = Debug|x64
		Debug|x86 = Debug|x86
		Release|x64 = Release|x64
		Release|x86 = Release|x86
	EndGlobalSection
	GlobalSection(ProjectConfigurationPlatforms) = postSolution
		{92CA682B-8E90-4785-BACB-5F5C56EC8D8B}.Debug|x64.ActiveCfg = Debug|x64
		{92CA682B-8E90-4785-BACB-5F5C56EC8D8B}.Debug|x64.Build.0 = Debug|x64
		{92CA682B-8E90-4785-BACB-5F5C56EC8D8B}.Debug|x86.ActiveCfg = Debug|Win32
		{92CA682B-8E90-4785-BACB-5F5C56EC8D8B}.Debug|x86.Build.0 = Debug|Win32
		{92CA682B-8E90-4785-BACB-5F5C56EC8D8B}.Release|x64.ActiveCfg = Release|x64
		{92CA682B-8E90-4785-BACB-5F5C56EC8D8B}.Release|x64.Build.0 = Release|x64
		{92CA682B-8E90-4785-BACB-5F5C56EC8D8B}.Release|x86.ActiveCfg = Release|Win32
		{92CA682B-8E90-4785-BACB-5F5C56EC8D8B}.Release|x86.Build.0 = Release|Win32
		{DE0A5FFD-6C25-4BFE-88D6-40A0B069EEBC}.Debug|x64.ActiveCfg = Debug|x64
		{DE0A5FFD-6C25-4BFE-88D6-40A0B069EEBC}.Debug|x64.Build.0 = Debug|x64
		{DE0A5FFD-6C25-4BFE-88D6-40A0B069EEBC}.Debug|x86.ActiveCfg = Debug|Win32
		{DE0A5FFD-6C25-4BFE-88D6-40A0B069EEBC}.Debug|x86.Build.0 = Debug|Win32
		{DE0A5FFD-6C25-4BFE-88D6-40A0B069EEBC}.Release|x64.ActiveCfg = Release|x64
		{DE0A5FFD-6C25-4BFE-88D6-40A0B069EEBC}.Release|x64.Build.0 = Release|x64
		{DE0A5FFD-6C25-4BFE-88D6-40A0B069EEBC}.Release|x86.ActiveCfg = Release|Win32
		{DE0A5FFD-6C25-4BFE-88D6-40A0B069EEBC}.Release|x86.Build.0 = Release|Win32
		{C4760C11-B908-42A2-9D32-98B90B58BEFA}.Debug|x64.ActiveCfg = Debug|x64
		{C4760C11-B908-42A2-9D32-98B90B58BEFA}.Debug|x64.Build.0 = Debug|x64
		{C4760C11-B908-42A2-9D32-98B90B58BEFA}.Debug|x86.ActiveCfg = Debug|Win32
		{C4760C11-B908-42A2-9D32-98B90B58BEFA}.Debug|x86.Build.0 = Debug|Win32
		{C4760C11-B908-42A2-9D32-98B90B58BEFA}.Release|x64.ActiveCfg = Release|x64
		{C4760C11-B908-42A2-9D32-98B90B58BEFA}.Release|x64.Build.0 = Release|x64
		{C4760C11-B908-42A2-9D32-98B90B58BEFA}.Release|x86.ActiveCfg = Release|Win32
		{C4760C11-B908-42A2-9D32-98B90B58BEFA}.Release|x86.Build.0 = Release|Win32
		{13E716BB-6E03-4FF9-992B-F3F121494600}.Debug|x64.ActiveCfg = Debug|x64
		{13E716BB-6E03-4FF9-992B-F3F121494600}.Debug|x64.Build.0 = Debug|x64
		{13E716BB-6E03-4FF9-992B-F3F121494600}.Debug|x86.ActiveCfg = Debug|Win32
		{13E716BB-6E03-4FF9-992B-F3F121494600}.Debug|x86.Build.0 = Debug|Win32
		{13E716BB-6E03-4FF9-992B-F3F121494600}.Release|x64.ActiveCfg = Release|x64
		{13E716BB-6E03-4FF9-992B-F3F121494600}.Release|x64.Build.0 = Release|x64
		{13E716BB-6E03-4FF9-992B-F3F121494600}.Release|x86.ActiveCfg = Release|Win32
		{13E716BB-6E03-4FF9-992B-F3F121494600}.Release|x86.Build.0 = Release|Win32
	EndGlobalSection
	GlobalSection(SolutionProperties) = preSolution
		HideSolutionNode = FALSE
	EndGlobalSection
	GlobalSection(ExtensibilityGlobals) = postSolution
		SolutionGuid = {12A00016-968D-43ED-9264-7AB80303F396}
	EndGlobalSection
EndGlobal
